// !$*UTF8*$!
{
	archiveVersion = 1;
	classes = {
	};
	objectVersion = 46;
	objects = {

/* Begin PBXBuildFile section */
		2A48CB95BE906F95AC034F76 /* libPods-STUtilities.a in Frameworks */ = {isa = PBXBuildFile; fileRef = 1EDA7D1567DCC20CD96A8D36 /* libPods-STUtilities.a */; };
		43F72BC21D5C2BF10047E209 /* main.m in Sources */ = {isa = PBXBuildFile; fileRef = 43F72BC11D5C2BF10047E209 /* main.m */; };
		43F72BC51D5C2BF10047E209 /* AppDelegate.m in Sources */ = {isa = PBXBuildFile; fileRef = 43F72BC41D5C2BF10047E209 /* AppDelegate.m */; };
		43F72BC81D5C2BF10047E209 /* ViewController.m in Sources */ = {isa = PBXBuildFile; fileRef = 43F72BC71D5C2BF10047E209 /* ViewController.m */; };
		43F72BCB1D5C2BF10047E209 /* Main.storyboard in Resources */ = {isa = PBXBuildFile; fileRef = 43F72BC91D5C2BF10047E209 /* Main.storyboard */; };
		43F72BCD1D5C2BF10047E209 /* Assets.xcassets in Resources */ = {isa = PBXBuildFile; fileRef = 43F72BCC1D5C2BF10047E209 /* Assets.xcassets */; };
		43F72BD01D5C2BF10047E209 /* LaunchScreen.storyboard in Resources */ = {isa = PBXBuildFile; fileRef = 43F72BCE1D5C2BF10047E209 /* LaunchScreen.storyboard */; };
		43F72C031D5C67B50047E209 /* BasicUtility.m in Sources */ = {isa = PBXBuildFile; fileRef = 43F72C021D5C67B50047E209 /* BasicUtility.m */; };
		43F72C0E1D5D743F0047E209 /* BasicUtility+BarButtonItem.m in Sources */ = {isa = PBXBuildFile; fileRef = 43F72C051D5D743F0047E209 /* BasicUtility+BarButtonItem.m */; };
		43F72C0F1D5D743F0047E209 /* BasicUtility+Countdown.m in Sources */ = {isa = PBXBuildFile; fileRef = 43F72C071D5D743F0047E209 /* BasicUtility+Countdown.m */; };
		43F72C101D5D743F0047E209 /* BasicUtility+ECUtility.m in Sources */ = {isa = PBXBuildFile; fileRef = 43F72C091D5D743F0047E209 /* BasicUtility+ECUtility.m */; };
		43F72C111D5D743F0047E209 /* BasicUtility+Regular.m in Sources */ = {isa = PBXBuildFile; fileRef = 43F72C0B1D5D743F0047E209 /* BasicUtility+Regular.m */; };
		43F72C121D5D743F0047E209 /* BasicUtility+TableView.m in Sources */ = {isa = PBXBuildFile; fileRef = 43F72C0D1D5D743F0047E209 /* BasicUtility+TableView.m */; };
		43F72C3B1D5D758C0047E209 /* NSMutableAttributedString+ST.m in Sources */ = {isa = PBXBuildFile; fileRef = 43F72C191D5D758C0047E209 /* NSMutableAttributedString+ST.m */; };
		43F72C3C1D5D758C0047E209 /* NSObject+ST.m in Sources */ = {isa = PBXBuildFile; fileRef = 43F72C1B1D5D758C0047E209 /* NSObject+ST.m */; };
		43F72C3D1D5D758C0047E209 /* UIColor+ST.m in Sources */ = {isa = PBXBuildFile; fileRef = 43F72C1D1D5D758C0047E209 /* UIColor+ST.m */; };
		43F72C3E1D5D758C0047E209 /* UINavigationController+ST.m in Sources */ = {isa = PBXBuildFile; fileRef = 43F72C1F1D5D758C0047E209 /* UINavigationController+ST.m */; };
		43F72C3F1D5D758C0047E209 /* UITableViewCell+ST.m in Sources */ = {isa = PBXBuildFile; fileRef = 43F72C211D5D758C0047E209 /* UITableViewCell+ST.m */; };
		43F72C401D5D758C0047E209 /* UIView+ST.m in Sources */ = {isa = PBXBuildFile; fileRef = 43F72C231D5D758C0047E209 /* UIView+ST.m */; };
		43F72C411D5D758C0047E209 /* HUDProgressView.m in Sources */ = {isa = PBXBuildFile; fileRef = 43F72C271D5D758C0047E209 /* HUDProgressView.m */; };
		43F72C421D5D758C0047E209 /* HUDProgressView.xib in Resources */ = {isa = PBXBuildFile; fileRef = 43F72C281D5D758C0047E209 /* HUDProgressView.xib */; };
		43F72C431D5D758C0047E209 /* LoadingSplashView.m in Sources */ = {isa = PBXBuildFile; fileRef = 43F72C2B1D5D758C0047E209 /* LoadingSplashView.m */; };
		43F72C441D5D758C0047E209 /* LoadingSplashView.xib in Resources */ = {isa = PBXBuildFile; fileRef = 43F72C2C1D5D758C0047E209 /* LoadingSplashView.xib */; };
		43F72C451D5D758C0047E209 /* NoneDataView.m in Sources */ = {isa = PBXBuildFile; fileRef = 43F72C2F1D5D758C0047E209 /* NoneDataView.m */; };
		43F72C461D5D758C0047E209 /* NoneDataView.xib in Resources */ = {isa = PBXBuildFile; fileRef = 43F72C301D5D758C0047E209 /* NoneDataView.xib */; };
		43F72C471D5D758C0047E209 /* SplashFailedView.m in Sources */ = {isa = PBXBuildFile; fileRef = 43F72C331D5D758C0047E209 /* SplashFailedView.m */; };
		43F72C481D5D758C0047E209 /* SplashFailedView.xib in Resources */ = {isa = PBXBuildFile; fileRef = 43F72C341D5D758C0047E209 /* SplashFailedView.xib */; };
		43F72C4A1D5D758C0047E209 /* UIViewController+SplashView.m in Sources */ = {isa = PBXBuildFile; fileRef = 43F72C381D5D758C0047E209 /* UIViewController+SplashView.m */; };
		43F72C4B1D5D758C0047E209 /* UIViewController+ST.m in Sources */ = {isa = PBXBuildFile; fileRef = 43F72C3A1D5D758C0047E209 /* UIViewController+ST.m */; };
		43F72C4E1D5D75E00047E209 /* UIImage+animatedGIF.m in Sources */ = {isa = PBXBuildFile; fileRef = 43F72C4D1D5D75E00047E209 /* UIImage+animatedGIF.m */; };
		FF9D83D2246524F4006DEF2F /* STContext.m in Sources */ = {isa = PBXBuildFile; fileRef = FF9D83D1246524F4006DEF2F /* STContext.m */; };
/* End PBXBuildFile section */

/* Begin PBXFileReference section */
		1EDA7D1567DCC20CD96A8D36 /* libPods-STUtilities.a */ = {isa = PBXFileReference; explicitFileType = archive.ar; includeInIndex = 0; path = "libPods-STUtilities.a"; sourceTree = BUILT_PRODUCTS_DIR; };
		43F72BBD1D5C2BF10047E209 /* STUtilities.app */ = {isa = PBXFileReference; explicitFileType = wrapper.application; includeInIndex = 0; path = STUtilities.app; sourceTree = BUILT_PRODUCTS_DIR; };
		43F72BC11D5C2BF10047E209 /* main.m */ = {isa = PBXFileReference; lastKnownFileType = sourcecode.c.objc; path = main.m; sourceTree = "<group>"; };
		43F72BC31D5C2BF10047E209 /* AppDelegate.h */ = {isa = PBXFileReference; lastKnownFileType = sourcecode.c.h; path = AppDelegate.h; sourceTree = "<group>"; };
		43F72BC41D5C2BF10047E209 /* AppDelegate.m */ = {isa = PBXFileReference; lastKnownFileType = sourcecode.c.objc; path = AppDelegate.m; sourceTree = "<group>"; };
		43F72BC61D5C2BF10047E209 /* ViewController.h */ = {isa = PBXFileReference; lastKnownFileType = sourcecode.c.h; path = ViewController.h; sourceTree = "<group>"; };
		43F72BC71D5C2BF10047E209 /* ViewController.m */ = {isa = PBXFileReference; lastKnownFileType = sourcecode.c.objc; path = ViewController.m; sourceTree = "<group>"; };
		43F72BCA1D5C2BF10047E209 /* Base */ = {isa = PBXFileReference; lastKnownFileType = file.storyboard; name = Base; path = Base.lproj/Main.storyboard; sourceTree = "<group>"; };
		43F72BCC1D5C2BF10047E209 /* Assets.xcassets */ = {isa = PBXFileReference; lastKnownFileType = folder.assetcatalog; path = Assets.xcassets; sourceTree = "<group>"; };
		43F72BCF1D5C2BF10047E209 /* Base */ = {isa = PBXFileReference; lastKnownFileType = file.storyboard; name = Base; path = Base.lproj/LaunchScreen.storyboard; sourceTree = "<group>"; };
		43F72BD11D5C2BF10047E209 /* Info.plist */ = {isa = PBXFileReference; lastKnownFileType = text.plist.xml; path = Info.plist; sourceTree = "<group>"; };
		43F72BD81D5C53640047E209 /* STUtilities.h */ = {isa = PBXFileReference; lastKnownFileType = sourcecode.c.h; path = STUtilities.h; sourceTree = "<group>"; };
		43F72C011D5C67B50047E209 /* BasicUtility.h */ = {isa = PBXFileReference; fileEncoding = 4; lastKnownFileType = sourcecode.c.h; path = BasicUtility.h; sourceTree = "<group>"; };
		43F72C021D5C67B50047E209 /* BasicUtility.m */ = {isa = PBXFileReference; fileEncoding = 4; lastKnownFileType = sourcecode.c.objc; path = BasicUtility.m; sourceTree = "<group>"; };
		43F72C041D5D743F0047E209 /* BasicUtility+BarButtonItem.h */ = {isa = PBXFileReference; fileEncoding = 4; lastKnownFileType = sourcecode.c.h; path = "BasicUtility+BarButtonItem.h"; sourceTree = "<group>"; };
		43F72C051D5D743F0047E209 /* BasicUtility+BarButtonItem.m */ = {isa = PBXFileReference; fileEncoding = 4; lastKnownFileType = sourcecode.c.objc; path = "BasicUtility+BarButtonItem.m"; sourceTree = "<group>"; };
		43F72C061D5D743F0047E209 /* BasicUtility+Countdown.h */ = {isa = PBXFileReference; fileEncoding = 4; lastKnownFileType = sourcecode.c.h; path = "BasicUtility+Countdown.h"; sourceTree = "<group>"; };
		43F72C071D5D743F0047E209 /* BasicUtility+Countdown.m */ = {isa = PBXFileReference; fileEncoding = 4; lastKnownFileType = sourcecode.c.objc; path = "BasicUtility+Countdown.m"; sourceTree = "<group>"; };
		43F72C081D5D743F0047E209 /* BasicUtility+ECUtility.h */ = {isa = PBXFileReference; fileEncoding = 4; lastKnownFileType = sourcecode.c.h; path = "BasicUtility+ECUtility.h"; sourceTree = "<group>"; };
		43F72C091D5D743F0047E209 /* BasicUtility+ECUtility.m */ = {isa = PBXFileReference; fileEncoding = 4; lastKnownFileType = sourcecode.c.objc; path = "BasicUtility+ECUtility.m"; sourceTree = "<group>"; };
		43F72C0A1D5D743F0047E209 /* BasicUtility+Regular.h */ = {isa = PBXFileReference; fileEncoding = 4; lastKnownFileType = sourcecode.c.h; path = "BasicUtility+Regular.h"; sourceTree = "<group>"; };
		43F72C0B1D5D743F0047E209 /* BasicUtility+Regular.m */ = {isa = PBXFileReference; fileEncoding = 4; lastKnownFileType = sourcecode.c.objc; path = "BasicUtility+Regular.m"; sourceTree = "<group>"; };
		43F72C0C1D5D743F0047E209 /* BasicUtility+TableView.h */ = {isa = PBXFileReference; fileEncoding = 4; lastKnownFileType = sourcecode.c.h; path = "BasicUtility+TableView.h"; sourceTree = "<group>"; };
		43F72C0D1D5D743F0047E209 /* BasicUtility+TableView.m */ = {isa = PBXFileReference; fileEncoding = 4; lastKnownFileType = sourcecode.c.objc; path = "BasicUtility+TableView.m"; sourceTree = "<group>"; };
		43F72C181D5D758C0047E209 /* NSMutableAttributedString+ST.h */ = {isa = PBXFileReference; fileEncoding = 4; lastKnownFileType = sourcecode.c.h; path = "NSMutableAttributedString+ST.h"; sourceTree = "<group>"; };
		43F72C191D5D758C0047E209 /* NSMutableAttributedString+ST.m */ = {isa = PBXFileReference; fileEncoding = 4; lastKnownFileType = sourcecode.c.objc; path = "NSMutableAttributedString+ST.m"; sourceTree = "<group>"; };
		43F72C1A1D5D758C0047E209 /* NSObject+ST.h */ = {isa = PBXFileReference; fileEncoding = 4; lastKnownFileType = sourcecode.c.h; path = "NSObject+ST.h"; sourceTree = "<group>"; };
		43F72C1B1D5D758C0047E209 /* NSObject+ST.m */ = {isa = PBXFileReference; fileEncoding = 4; lastKnownFileType = sourcecode.c.objc; path = "NSObject+ST.m"; sourceTree = "<group>"; };
		43F72C1C1D5D758C0047E209 /* UIColor+ST.h */ = {isa = PBXFileReference; fileEncoding = 4; lastKnownFileType = sourcecode.c.h; path = "UIColor+ST.h"; sourceTree = "<group>"; };
		43F72C1D1D5D758C0047E209 /* UIColor+ST.m */ = {isa = PBXFileReference; fileEncoding = 4; lastKnownFileType = sourcecode.c.objc; path = "UIColor+ST.m"; sourceTree = "<group>"; };
		43F72C1E1D5D758C0047E209 /* UINavigationController+ST.h */ = {isa = PBXFileReference; fileEncoding = 4; lastKnownFileType = sourcecode.c.h; path = "UINavigationController+ST.h"; sourceTree = "<group>"; };
		43F72C1F1D5D758C0047E209 /* UINavigationController+ST.m */ = {isa = PBXFileReference; fileEncoding = 4; lastKnownFileType = sourcecode.c.objc; path = "UINavigationController+ST.m"; sourceTree = "<group>"; };
		43F72C201D5D758C0047E209 /* UITableViewCell+ST.h */ = {isa = PBXFileReference; fileEncoding = 4; lastKnownFileType = sourcecode.c.h; path = "UITableViewCell+ST.h"; sourceTree = "<group>"; };
		43F72C211D5D758C0047E209 /* UITableViewCell+ST.m */ = {isa = PBXFileReference; fileEncoding = 4; lastKnownFileType = sourcecode.c.objc; path = "UITableViewCell+ST.m"; sourceTree = "<group>"; };
		43F72C221D5D758C0047E209 /* UIView+ST.h */ = {isa = PBXFileReference; fileEncoding = 4; lastKnownFileType = sourcecode.c.h; path = "UIView+ST.h"; sourceTree = "<group>"; };
		43F72C231D5D758C0047E209 /* UIView+ST.m */ = {isa = PBXFileReference; fileEncoding = 4; lastKnownFileType = sourcecode.c.objc; path = "UIView+ST.m"; sourceTree = "<group>"; };
		43F72C261D5D758C0047E209 /* HUDProgressView.h */ = {isa = PBXFileReference; fileEncoding = 4; lastKnownFileType = sourcecode.c.h; path = HUDProgressView.h; sourceTree = "<group>"; };
		43F72C271D5D758C0047E209 /* HUDProgressView.m */ = {isa = PBXFileReference; fileEncoding = 4; lastKnownFileType = sourcecode.c.objc; path = HUDProgressView.m; sourceTree = "<group>"; };
		43F72C281D5D758C0047E209 /* HUDProgressView.xib */ = {isa = PBXFileReference; fileEncoding = 4; lastKnownFileType = file.xib; path = HUDProgressView.xib; sourceTree = "<group>"; };
		43F72C2A1D5D758C0047E209 /* LoadingSplashView.h */ = {isa = PBXFileReference; fileEncoding = 4; lastKnownFileType = sourcecode.c.h; path = LoadingSplashView.h; sourceTree = "<group>"; };
		43F72C2B1D5D758C0047E209 /* LoadingSplashView.m */ = {isa = PBXFileReference; fileEncoding = 4; lastKnownFileType = sourcecode.c.objc; path = LoadingSplashView.m; sourceTree = "<group>"; };
		43F72C2C1D5D758C0047E209 /* LoadingSplashView.xib */ = {isa = PBXFileReference; fileEncoding = 4; lastKnownFileType = file.xib; path = LoadingSplashView.xib; sourceTree = "<group>"; };
		43F72C2E1D5D758C0047E209 /* NoneDataView.h */ = {isa = PBXFileReference; fileEncoding = 4; lastKnownFileType = sourcecode.c.h; path = NoneDataView.h; sourceTree = "<group>"; };
		43F72C2F1D5D758C0047E209 /* NoneDataView.m */ = {isa = PBXFileReference; fileEncoding = 4; lastKnownFileType = sourcecode.c.objc; path = NoneDataView.m; sourceTree = "<group>"; };
		43F72C301D5D758C0047E209 /* NoneDataView.xib */ = {isa = PBXFileReference; fileEncoding = 4; lastKnownFileType = file.xib; path = NoneDataView.xib; sourceTree = "<group>"; };
		43F72C321D5D758C0047E209 /* SplashFailedView.h */ = {isa = PBXFileReference; fileEncoding = 4; lastKnownFileType = sourcecode.c.h; path = SplashFailedView.h; sourceTree = "<group>"; };
		43F72C331D5D758C0047E209 /* SplashFailedView.m */ = {isa = PBXFileReference; fileEncoding = 4; lastKnownFileType = sourcecode.c.objc; path = SplashFailedView.m; sourceTree = "<group>"; };
		43F72C341D5D758C0047E209 /* SplashFailedView.xib */ = {isa = PBXFileReference; fileEncoding = 4; lastKnownFileType = file.xib; path = SplashFailedView.xib; sourceTree = "<group>"; };
		43F72C371D5D758C0047E209 /* UIViewController+SplashView.h */ = {isa = PBXFileReference; fileEncoding = 4; lastKnownFileType = sourcecode.c.h; path = "UIViewController+SplashView.h"; sourceTree = "<group>"; };
		43F72C381D5D758C0047E209 /* UIViewController+SplashView.m */ = {isa = PBXFileReference; fileEncoding = 4; lastKnownFileType = sourcecode.c.objc; path = "UIViewController+SplashView.m"; sourceTree = "<group>"; };
		43F72C391D5D758C0047E209 /* UIViewController+ST.h */ = {isa = PBXFileReference; fileEncoding = 4; lastKnownFileType = sourcecode.c.h; path = "UIViewController+ST.h"; sourceTree = "<group>"; };
		43F72C3A1D5D758C0047E209 /* UIViewController+ST.m */ = {isa = PBXFileReference; fileEncoding = 4; lastKnownFileType = sourcecode.c.objc; path = "UIViewController+ST.m"; sourceTree = "<group>"; };
		43F72C4C1D5D75E00047E209 /* UIImage+animatedGIF.h */ = {isa = PBXFileReference; fileEncoding = 4; lastKnownFileType = sourcecode.c.h; path = "UIImage+animatedGIF.h"; sourceTree = "<group>"; };
		43F72C4D1D5D75E00047E209 /* UIImage+animatedGIF.m */ = {isa = PBXFileReference; fileEncoding = 4; lastKnownFileType = sourcecode.c.objc; path = "UIImage+animatedGIF.m"; sourceTree = "<group>"; };
		4C55BC1BA286C80F78BAD7BC /* Pods-STUtilities.debug.xcconfig */ = {isa = PBXFileReference; includeInIndex = 1; lastKnownFileType = text.xcconfig; name = "Pods-STUtilities.debug.xcconfig"; path = "Pods/Target Support Files/Pods-STUtilities/Pods-STUtilities.debug.xcconfig"; sourceTree = "<group>"; };
		E0E61CD20F6C5BEFED1EAAA9 /* Pods-STUtilities.release.xcconfig */ = {isa = PBXFileReference; includeInIndex = 1; lastKnownFileType = text.xcconfig; name = "Pods-STUtilities.release.xcconfig"; path = "Pods/Target Support Files/Pods-STUtilities/Pods-STUtilities.release.xcconfig"; sourceTree = "<group>"; };
		FF9D83D0246524F4006DEF2F /* STContext.h */ = {isa = PBXFileReference; fileEncoding = 4; lastKnownFileType = sourcecode.c.h; path = STContext.h; sourceTree = "<group>"; };
		FF9D83D1246524F4006DEF2F /* STContext.m */ = {isa = PBXFileReference; fileEncoding = 4; lastKnownFileType = sourcecode.c.objc; path = STContext.m; sourceTree = "<group>"; };
/* End PBXFileReference section */

/* Begin PBXFrameworksBuildPhase section */
		43F72BBA1D5C2BF10047E209 /* Frameworks */ = {
			isa = PBXFrameworksBuildPhase;
			buildActionMask = 2147483647;
			files = (
				2A48CB95BE906F95AC034F76 /* libPods-STUtilities.a in Frameworks */,
			);
			runOnlyForDeploymentPostprocessing = 0;
		};
/* End PBXFrameworksBuildPhase section */

/* Begin PBXGroup section */
		43F72BB41D5C2BF10047E209 = {
			isa = PBXGroup;
			children = (
				43F72BBF1D5C2BF10047E209 /* STUtilities */,
				43F72BBE1D5C2BF10047E209 /* Products */,
				A1514259E059208E0C0CA647 /* Pods */,
				592555FF9C22F8ADE8174A4C /* Frameworks */,
			);
			sourceTree = "<group>";
		};
		43F72BBE1D5C2BF10047E209 /* Products */ = {
			isa = PBXGroup;
			children = (
				43F72BBD1D5C2BF10047E209 /* STUtilities.app */,
			);
			name = Products;
			sourceTree = "<group>";
		};
		43F72BBF1D5C2BF10047E209 /* STUtilities */ = {
			isa = PBXGroup;
			children = (
				43F72BD71D5C53570047E209 /* STUtilities */,
				43F72BC31D5C2BF10047E209 /* AppDelegate.h */,
				43F72BC41D5C2BF10047E209 /* AppDelegate.m */,
				43F72BC61D5C2BF10047E209 /* ViewController.h */,
				43F72BC71D5C2BF10047E209 /* ViewController.m */,
				43F72BC91D5C2BF10047E209 /* Main.storyboard */,
				43F72BCC1D5C2BF10047E209 /* Assets.xcassets */,
				43F72BCE1D5C2BF10047E209 /* LaunchScreen.storyboard */,
				43F72BD11D5C2BF10047E209 /* Info.plist */,
				43F72BC01D5C2BF10047E209 /* Supporting Files */,
			);
			path = STUtilities;
			sourceTree = "<group>";
		};
		43F72BC01D5C2BF10047E209 /* Supporting Files */ = {
			isa = PBXGroup;
			children = (
				43F72BC11D5C2BF10047E209 /* main.m */,
			);
			name = "Supporting Files";
			sourceTree = "<group>";
		};
		43F72BD71D5C53570047E209 /* STUtilities */ = {
			isa = PBXGroup;
			children = (
				43F72BD81D5C53640047E209 /* STUtilities.h */,
				FF9D83CF246524F4006DEF2F /* STContext */,
				43F72C171D5D758C0047E209 /* Category */,
				43F72C001D5C678E0047E209 /* BasicUtility */,
			);
			path = STUtilities;
			sourceTree = "<group>";
		};
		43F72C001D5C678E0047E209 /* BasicUtility */ = {
			isa = PBXGroup;
			children = (
				43F72C011D5C67B50047E209 /* BasicUtility.h */,
				43F72C021D5C67B50047E209 /* BasicUtility.m */,
				43F72C041D5D743F0047E209 /* BasicUtility+BarButtonItem.h */,
				43F72C051D5D743F0047E209 /* BasicUtility+BarButtonItem.m */,
				43F72C061D5D743F0047E209 /* BasicUtility+Countdown.h */,
				43F72C071D5D743F0047E209 /* BasicUtility+Countdown.m */,
				43F72C081D5D743F0047E209 /* BasicUtility+ECUtility.h */,
				43F72C091D5D743F0047E209 /* BasicUtility+ECUtility.m */,
				43F72C0A1D5D743F0047E209 /* BasicUtility+Regular.h */,
				43F72C0B1D5D743F0047E209 /* BasicUtility+Regular.m */,
				43F72C0C1D5D743F0047E209 /* BasicUtility+TableView.h */,
				43F72C0D1D5D743F0047E209 /* BasicUtility+TableView.m */,
			);
			path = BasicUtility;
			sourceTree = "<group>";
		};
		43F72C171D5D758C0047E209 /* Category */ = {
			isa = PBXGroup;
			children = (
				43F72C181D5D758C0047E209 /* NSMutableAttributedString+ST.h */,
				43F72C191D5D758C0047E209 /* NSMutableAttributedString+ST.m */,
				43F72C1A1D5D758C0047E209 /* NSObject+ST.h */,
				43F72C1B1D5D758C0047E209 /* NSObject+ST.m */,
				43F72C1C1D5D758C0047E209 /* UIColor+ST.h */,
				43F72C1D1D5D758C0047E209 /* UIColor+ST.m */,
				43F72C1E1D5D758C0047E209 /* UINavigationController+ST.h */,
				43F72C1F1D5D758C0047E209 /* UINavigationController+ST.m */,
				43F72C4C1D5D75E00047E209 /* UIImage+animatedGIF.h */,
				43F72C4D1D5D75E00047E209 /* UIImage+animatedGIF.m */,
				43F72C201D5D758C0047E209 /* UITableViewCell+ST.h */,
				43F72C211D5D758C0047E209 /* UITableViewCell+ST.m */,
				43F72C221D5D758C0047E209 /* UIView+ST.h */,
				43F72C231D5D758C0047E209 /* UIView+ST.m */,
				43F72C241D5D758C0047E209 /* UIViewController+SplashView */,
				43F72C391D5D758C0047E209 /* UIViewController+ST.h */,
				43F72C3A1D5D758C0047E209 /* UIViewController+ST.m */,
			);
			path = Category;
			sourceTree = "<group>";
		};
		43F72C241D5D758C0047E209 /* UIViewController+SplashView */ = {
			isa = PBXGroup;
			children = (
				43F72C251D5D758C0047E209 /* HUDProgressView */,
				43F72C291D5D758C0047E209 /* LoadingSplashView */,
				43F72C2D1D5D758C0047E209 /* NoneDataView */,
				43F72C311D5D758C0047E209 /* SplashFailedView */,
				43F72C371D5D758C0047E209 /* UIViewController+SplashView.h */,
				43F72C381D5D758C0047E209 /* UIViewController+SplashView.m */,
			);
			path = "UIViewController+SplashView";
			sourceTree = "<group>";
		};
		43F72C251D5D758C0047E209 /* HUDProgressView */ = {
			isa = PBXGroup;
			children = (
				43F72C261D5D758C0047E209 /* HUDProgressView.h */,
				43F72C271D5D758C0047E209 /* HUDProgressView.m */,
				43F72C281D5D758C0047E209 /* HUDProgressView.xib */,
			);
			path = HUDProgressView;
			sourceTree = "<group>";
		};
		43F72C291D5D758C0047E209 /* LoadingSplashView */ = {
			isa = PBXGroup;
			children = (
				43F72C2A1D5D758C0047E209 /* LoadingSplashView.h */,
				43F72C2B1D5D758C0047E209 /* LoadingSplashView.m */,
				43F72C2C1D5D758C0047E209 /* LoadingSplashView.xib */,
			);
			path = LoadingSplashView;
			sourceTree = "<group>";
		};
		43F72C2D1D5D758C0047E209 /* NoneDataView */ = {
			isa = PBXGroup;
			children = (
				43F72C2E1D5D758C0047E209 /* NoneDataView.h */,
				43F72C2F1D5D758C0047E209 /* NoneDataView.m */,
				43F72C301D5D758C0047E209 /* NoneDataView.xib */,
			);
			path = NoneDataView;
			sourceTree = "<group>";
		};
		43F72C311D5D758C0047E209 /* SplashFailedView */ = {
			isa = PBXGroup;
			children = (
				43F72C321D5D758C0047E209 /* SplashFailedView.h */,
				43F72C331D5D758C0047E209 /* SplashFailedView.m */,
				43F72C341D5D758C0047E209 /* SplashFailedView.xib */,
			);
			path = SplashFailedView;
			sourceTree = "<group>";
		};
		592555FF9C22F8ADE8174A4C /* Frameworks */ = {
			isa = PBXGroup;
			children = (
				1EDA7D1567DCC20CD96A8D36 /* libPods-STUtilities.a */,
			);
			name = Frameworks;
			sourceTree = "<group>";
		};
		A1514259E059208E0C0CA647 /* Pods */ = {
			isa = PBXGroup;
			children = (
				4C55BC1BA286C80F78BAD7BC /* Pods-STUtilities.debug.xcconfig */,
				E0E61CD20F6C5BEFED1EAAA9 /* Pods-STUtilities.release.xcconfig */,
			);
			name = Pods;
			sourceTree = "<group>";
		};
		FF9D83CF246524F4006DEF2F /* STContext */ = {
			isa = PBXGroup;
			children = (
				FF9D83D0246524F4006DEF2F /* STContext.h */,
				FF9D83D1246524F4006DEF2F /* STContext.m */,
			);
			path = STContext;
			sourceTree = "<group>";
		};
/* End PBXGroup section */

/* Begin PBXNativeTarget section */
		43F72BBC1D5C2BF10047E209 /* STUtilities */ = {
			isa = PBXNativeTarget;
			buildConfigurationList = 43F72BD41D5C2BF10047E209 /* Build configuration list for PBXNativeTarget "STUtilities" */;
			buildPhases = (
				0249AF9C61BA232765333D62 /* [CP] Check Pods Manifest.lock */,
				43F72BB91D5C2BF10047E209 /* Sources */,
				43F72BBA1D5C2BF10047E209 /* Frameworks */,
				43F72BBB1D5C2BF10047E209 /* Resources */,
				CFB5A4C5B6EF14BFA2D93AFC /* [CP] Copy Pods Resources */,
			);
			buildRules = (
			);
			dependencies = (
			);
			name = STUtilities;
			productName = STUtilities;
			productReference = 43F72BBD1D5C2BF10047E209 /* STUtilities.app */;
			productType = "com.apple.product-type.application";
		};
/* End PBXNativeTarget section */

/* Begin PBXProject section */
		43F72BB51D5C2BF10047E209 /* Project object */ = {
			isa = PBXProject;
			attributes = {
				LastUpgradeCheck = 0730;
				ORGANIZATIONNAME = "tscc-sola";
				TargetAttributes = {
					43F72BBC1D5C2BF10047E209 = {
						CreatedOnToolsVersion = 7.3;
					};
				};
			};
			buildConfigurationList = 43F72BB81D5C2BF10047E209 /* Build configuration list for PBXProject "STUtilities" */;
			compatibilityVersion = "Xcode 3.2";
			developmentRegion = English;
			hasScannedForEncodings = 0;
			knownRegions = (
				English,
				en,
				Base,
			);
			mainGroup = 43F72BB41D5C2BF10047E209;
			productRefGroup = 43F72BBE1D5C2BF10047E209 /* Products */;
			projectDirPath = "";
			projectRoot = "";
			targets = (
				43F72BBC1D5C2BF10047E209 /* STUtilities */,
			);
		};
/* End PBXProject section */

/* Begin PBXResourcesBuildPhase section */
		43F72BBB1D5C2BF10047E209 /* Resources */ = {
			isa = PBXResourcesBuildPhase;
			buildActionMask = 2147483647;
			files = (
				43F72BD01D5C2BF10047E209 /* LaunchScreen.storyboard in Resources */,
				43F72C421D5D758C0047E209 /* HUDProgressView.xib in Resources */,
				43F72C481D5D758C0047E209 /* SplashFailedView.xib in Resources */,
				43F72BCD1D5C2BF10047E209 /* Assets.xcassets in Resources */,
				43F72C441D5D758C0047E209 /* LoadingSplashView.xib in Resources */,
				43F72C461D5D758C0047E209 /* NoneDataView.xib in Resources */,
				43F72BCB1D5C2BF10047E209 /* Main.storyboard in Resources */,
			);
			runOnlyForDeploymentPostprocessing = 0;
		};
/* End PBXResourcesBuildPhase section */

/* Begin PBXShellScriptBuildPhase section */
		0249AF9C61BA232765333D62 /* [CP] Check Pods Manifest.lock */ = {
			isa = PBXShellScriptBuildPhase;
			buildActionMask = 2147483647;
			files = (
			);
			inputPaths = (
				"${PODS_PODFILE_DIR_PATH}/Podfile.lock",
				"${PODS_ROOT}/Manifest.lock",
			);
			name = "[CP] Check Pods Manifest.lock";
			outputPaths = (
				"$(DERIVED_FILE_DIR)/Pods-STUtilities-checkManifestLockResult.txt",
			);
			runOnlyForDeploymentPostprocessing = 0;
			shellPath = /bin/sh;
			shellScript = "diff \"${PODS_PODFILE_DIR_PATH}/Podfile.lock\" \"${PODS_ROOT}/Manifest.lock\" > /dev/null\nif [ $? != 0 ] ; then\n    # print error to STDERR\n    echo \"error: The sandbox is not in sync with the Podfile.lock. Run 'pod install' or update your CocoaPods installation.\" >&2\n    exit 1\nfi\n# This output is used by Xcode 'outputs' to avoid re-running this script phase.\necho \"SUCCESS\" > \"${SCRIPT_OUTPUT_FILE_0}\"\n";
			showEnvVarsInLog = 0;
		};
		CFB5A4C5B6EF14BFA2D93AFC /* [CP] Copy Pods Resources */ = {
			isa = PBXShellScriptBuildPhase;
			buildActionMask = 2147483647;
			files = (
			);
			inputPaths = (
				"${PODS_ROOT}/Target Support Files/Pods-STUtilities/Pods-STUtilities-resources.sh",
				"${PODS_CONFIGURATION_BUILD_DIR}/DeviceUtil/DeviceUtil.bundle",
				"${PODS_ROOT}/IQKeyboardManager/IQKeyboardManager/Resources/IQKeyboardManager.bundle",
				"${PODS_ROOT}/MJRefresh/MJRefresh/MJRefresh.bundle",
			);
			name = "[CP] Copy Pods Resources";
			outputPaths = (
				"${TARGET_BUILD_DIR}/${UNLOCALIZED_RESOURCES_FOLDER_PATH}/DeviceUtil.bundle",
				"${TARGET_BUILD_DIR}/${UNLOCALIZED_RESOURCES_FOLDER_PATH}/IQKeyboardManager.bundle",
				"${TARGET_BUILD_DIR}/${UNLOCALIZED_RESOURCES_FOLDER_PATH}/MJRefresh.bundle",
			);
			runOnlyForDeploymentPostprocessing = 0;
			shellPath = /bin/sh;
			shellScript = "\"${PODS_ROOT}/Target Support Files/Pods-STUtilities/Pods-STUtilities-resources.sh\"\n";
			showEnvVarsInLog = 0;
		};
/* End PBXShellScriptBuildPhase section */

/* Begin PBXSourcesBuildPhase section */
		43F72BB91D5C2BF10047E209 /* Sources */ = {
			isa = PBXSourcesBuildPhase;
			buildActionMask = 2147483647;
			files = (
				43F72C401D5D758C0047E209 /* UIView+ST.m in Sources */,
				43F72C121D5D743F0047E209 /* BasicUtility+TableView.m in Sources */,
				43F72BC81D5C2BF10047E209 /* ViewController.m in Sources */,
				43F72C3F1D5D758C0047E209 /* UITableViewCell+ST.m in Sources */,
				43F72C451D5D758C0047E209 /* NoneDataView.m in Sources */,
				43F72C4B1D5D758C0047E209 /* UIViewController+ST.m in Sources */,
				43F72C3B1D5D758C0047E209 /* NSMutableAttributedString+ST.m in Sources */,
				43F72C431D5D758C0047E209 /* LoadingSplashView.m in Sources */,
				43F72C101D5D743F0047E209 /* BasicUtility+ECUtility.m in Sources */,
				43F72C0E1D5D743F0047E209 /* BasicUtility+BarButtonItem.m in Sources */,
				43F72C3D1D5D758C0047E209 /* UIColor+ST.m in Sources */,
				43F72C4E1D5D75E00047E209 /* UIImage+animatedGIF.m in Sources */,
				43F72C411D5D758C0047E209 /* HUDProgressView.m in Sources */,
				43F72C471D5D758C0047E209 /* SplashFailedView.m in Sources */,
				43F72C031D5C67B50047E209 /* BasicUtility.m in Sources */,
				43F72C3E1D5D758C0047E209 /* UINavigationController+ST.m in Sources */,
				43F72C111D5D743F0047E209 /* BasicUtility+Regular.m in Sources */,
				43F72BC51D5C2BF10047E209 /* AppDelegate.m in Sources */,
				43F72BC21D5C2BF10047E209 /* main.m in Sources */,
				43F72C4A1D5D758C0047E209 /* UIViewController+SplashView.m in Sources */,
				43F72C3C1D5D758C0047E209 /* NSObject+ST.m in Sources */,
				FF9D83D2246524F4006DEF2F /* STContext.m in Sources */,
				43F72C0F1D5D743F0047E209 /* BasicUtility+Countdown.m in Sources */,
			);
			runOnlyForDeploymentPostprocessing = 0;
		};
/* End PBXSourcesBuildPhase section */

/* Begin PBXVariantGroup section */
		43F72BC91D5C2BF10047E209 /* Main.storyboard */ = {
			isa = PBXVariantGroup;
			children = (
				43F72BCA1D5C2BF10047E209 /* Base */,
			);
			name = Main.storyboard;
			sourceTree = "<group>";
		};
		43F72BCE1D5C2BF10047E209 /* LaunchScreen.storyboard */ = {
			isa = PBXVariantGroup;
			children = (
				43F72BCF1D5C2BF10047E209 /* Base */,
			);
			name = LaunchScreen.storyboard;
			sourceTree = "<group>";
		};
/* End PBXVariantGroup section */

/* Begin XCBuildConfiguration section */
		43F72BD21D5C2BF10047E209 /* Debug */ = {
			isa = XCBuildConfiguration;
			buildSettings = {
				ALWAYS_SEARCH_USER_PATHS = NO;
				CLANG_ANALYZER_NONNULL = YES;
				CLANG_CXX_LANGUAGE_STANDARD = "gnu++0x";
				CLANG_CXX_LIBRARY = "libc++";
				CLANG_ENABLE_MODULES = YES;
				CLANG_ENABLE_OBJC_ARC = YES;
				CLANG_WARN_BOOL_CONVERSION = YES;
				CLANG_WARN_CONSTANT_CONVERSION = YES;
				CLANG_WARN_DIRECT_OBJC_ISA_USAGE = YES_ERROR;
				CLANG_WARN_EMPTY_BODY = YES;
				CLANG_WARN_ENUM_CONVERSION = YES;
				CLANG_WARN_INT_CONVERSION = YES;
				CLANG_WARN_OBJC_ROOT_CLASS = YES_ERROR;
				CLANG_WARN_UNREACHABLE_CODE = YES;
				CLANG_WARN__DUPLICATE_METHOD_MATCH = YES;
				"CODE_SIGN_IDENTITY[sdk=iphoneos*]" = "iPhone Developer";
				COPY_PHASE_STRIP = NO;
				DEBUG_INFORMATION_FORMAT = dwarf;
				ENABLE_STRICT_OBJC_MSGSEND = YES;
				ENABLE_TESTABILITY = YES;
				GCC_C_LANGUAGE_STANDARD = gnu99;
				GCC_DYNAMIC_NO_PIC = NO;
				GCC_NO_COMMON_BLOCKS = YES;
				GCC_OPTIMIZATION_LEVEL = 0;
				GCC_PREPROCESSOR_DEFINITIONS = (
					"DEBUG=1",
					"$(inherited)",
				);
				GCC_WARN_64_TO_32_BIT_CONVERSION = YES;
				GCC_WARN_ABOUT_RETURN_TYPE = YES_ERROR;
				GCC_WARN_UNDECLARED_SELECTOR = YES;
				GCC_WARN_UNINITIALIZED_AUTOS = YES_AGGRESSIVE;
				GCC_WARN_UNUSED_FUNCTION = YES;
				GCC_WARN_UNUSED_VARIABLE = YES;
				IPHONEOS_DEPLOYMENT_TARGET = 9.3;
				MTL_ENABLE_DEBUG_INFO = YES;
				ONLY_ACTIVE_ARCH = YES;
				SDKROOT = iphoneos;
			};
			name = Debug;
		};
		43F72BD31D5C2BF10047E209 /* Release */ = {
			isa = XCBuildConfiguration;
			buildSettings = {
				ALWAYS_SEARCH_USER_PATHS = NO;
				CLANG_ANALYZER_NONNULL = YES;
				CLANG_CXX_LANGUAGE_STANDARD = "gnu++0x";
				CLANG_CXX_LIBRARY = "libc++";
				CLANG_ENABLE_MODULES = YES;
				CLANG_ENABLE_OBJC_ARC = YES;
				CLANG_WARN_BOOL_CONVERSION = YES;
				CLANG_WARN_CONSTANT_CONVERSION = YES;
				CLANG_WARN_DIRECT_OBJC_ISA_USAGE = YES_ERROR;
				CLANG_WARN_EMPTY_BODY = YES;
				CLANG_WARN_ENUM_CONVERSION = YES;
				CLANG_WARN_INT_CONVERSION = YES;
				CLANG_WARN_OBJC_ROOT_CLASS = YES_ERROR;
				CLANG_WARN_UNREACHABLE_CODE = YES;
				CLANG_WARN__DUPLICATE_METHOD_MATCH = YES;
				"CODE_SIGN_IDENTITY[sdk=iphoneos*]" = "iPhone Developer";
				COPY_PHASE_STRIP = NO;
				DEBUG_INFORMATION_FORMAT = "dwarf-with-dsym";
				ENABLE_NS_ASSERTIONS = NO;
				ENABLE_STRICT_OBJC_MSGSEND = YES;
				GCC_C_LANGUAGE_STANDARD = gnu99;
				GCC_NO_COMMON_BLOCKS = YES;
				GCC_WARN_64_TO_32_BIT_CONVERSION = YES;
				GCC_WARN_ABOUT_RETURN_TYPE = YES_ERROR;
				GCC_WARN_UNDECLARED_SELECTOR = YES;
				GCC_WARN_UNINITIALIZED_AUTOS = YES_AGGRESSIVE;
				GCC_WARN_UNUSED_FUNCTION = YES;
				GCC_WARN_UNUSED_VARIABLE = YES;
				IPHONEOS_DEPLOYMENT_TARGET = 9.3;
				MTL_ENABLE_DEBUG_INFO = NO;
				SDKROOT = iphoneos;
				VALIDATE_PRODUCT = YES;
			};
			name = Release;
		};
		43F72BD51D5C2BF10047E209 /* Debug */ = {
			isa = XCBuildConfiguration;
			baseConfigurationReference = 4C55BC1BA286C80F78BAD7BC /* Pods-STUtilities.debug.xcconfig */;
			buildSettings = {
				ASSETCATALOG_COMPILER_APPICON_NAME = AppIcon;
				INFOPLIST_FILE = STUtilities/Info.plist;
				IPHONEOS_DEPLOYMENT_TARGET = 8.0;
				LD_RUNPATH_SEARCH_PATHS = "$(inherited) @executable_path/Frameworks";
				PRODUCT_BUNDLE_IDENTIFIER = "com.tscc-sola.STUtilities";
				PRODUCT_NAME = "$(TARGET_NAME)";
			};
			name = Debug;
		};
		43F72BD61D5C2BF10047E209 /* Release */ = {
			isa = XCBuildConfiguration;
			baseConfigurationReference = E0E61CD20F6C5BEFED1EAAA9 /* Pods-STUtilities.release.xcconfig */;
			buildSettings = {
				ASSETCATALOG_COMPILER_APPICON_NAME = AppIcon;
				INFOPLIST_FILE = STUtilities/Info.plist;
				IPHONEOS_DEPLOYMENT_TARGET = 8.0;
				LD_RUNPATH_SEARCH_PATHS = "$(inherited) @executable_path/Frameworks";
				PRODUCT_BUNDLE_IDENTIFIER = "com.tscc-sola.STUtilities";
				PRODUCT_NAME = "$(TARGET_NAME)";
			};
			name = Release;
		};
/* End XCBuildConfiguration section */

/* Begin XCConfigurationList section */
		43F72BB81D5C2BF10047E209 /* Build configuration list for PBXProject "STUtilities" */ = {
			isa = XCConfigurationList;
			buildConfigurations = (
				43F72BD21D5C2BF10047E209 /* Debug */,
				43F72BD31D5C2BF10047E209 /* Release */,
			);
			defaultConfigurationIsVisible = 0;
			defaultConfigurationName = Release;
		};
		43F72BD41D5C2BF10047E209 /* Build configuration list for PBXNativeTarget "STUtilities" */ = {
			isa = XCConfigurationList;
			buildConfigurations = (
				43F72BD51D5C2BF10047E209 /* Debug */,
				43F72BD61D5C2BF10047E209 /* Release */,
			);
			defaultConfigurationIsVisible = 0;
			defaultConfigurationName = Release;
		};
/* End XCConfigurationList section */
	};
	rootObject = 43F72BB51D5C2BF10047E209 /* Project object */;
}
